
Microsoft Visual Studio Solution File, Format Version 12.00
# Visual Studio Version 16
VisualStudioVersion = 16.0.31105.61
MinimumVisualStudioVersion = 10.0.40219.1
Project("{2150E333-8FDC-42A3-9474-1A3956D46DE8}") = "Services", "Services", "{ACA18674-C808-4F6D-B2F4-2A63D052C4B8}"
EndProject
Project("{2150E333-8FDC-42A3-9474-1A3956D46DE8}") = "Catalog", "Catalog", "{F5C94C31-5464-4461-A2CC-FC83CE5F62D5}"
EndProject
Project("{9A19103F-16F7-4668-BE54-9A1E7A4F7556}") = "Catalog.API", "Services\Catalog\Catalog.API\Catalog.API.csproj", "{66ED37F4-5778-4C9B-9A21-4177EABDE256}"
EndProject
Project("{E53339B2-1760-4266-BCC7-CA923CBCF16C}") = "docker-compose", "docker-compose.dcproj", "{DA4EBFAD-B60F-4B67-B561-368EA3F1EC20}"
EndProject
Project("{2150E333-8FDC-42A3-9474-1A3956D46DE8}") = "Basket", "Basket", "{5A2208BA-5EB9-47EC-B4F4-FF769FDA29AB}"
EndProject
Project("{9A19103F-16F7-4668-BE54-9A1E7A4F7556}") = "Basket.API", "Services\Basket\Basket.API\Basket.API.csproj", "{2C722C29-ED0D-4EB5-98D6-C2E13801C60D}"
EndProject
Project("{2150E333-8FDC-42A3-9474-1A3956D46DE8}") = "Discount", "Discount", "{0C1B4E07-41BC-42C3-A42B-46531B1124B3}"
EndProject
Project("{9A19103F-16F7-4668-BE54-9A1E7A4F7556}") = "Discount.API", "Services\Discount\Discount.API\Discount.API.csproj", "{244E6562-7083-42D4-9629-B1B78D48B2AA}"
EndProject
Project("{9A19103F-16F7-4668-BE54-9A1E7A4F7556}") = "Discount.Grpc", "Services\Discount\Discount.Grpc\Discount.Grpc.csproj", "{84D67EE1-AE44-475F-9169-CC346C43C123}"
EndProject
Project("{2150E333-8FDC-42A3-9474-1A3956D46DE8}") = "Ordering", "Ordering", "{670B2377-CE2B-434B-ABA0-900F72E692BA}"
EndProject
Project("{FAE04EC0-301F-11D3-BF4B-00C04F79EFBC}") = "Ordering.Api", "Services\Ordering\Ordering.Api\Ordering.Api.csproj", "{0B8C2D02-CB6F-4662-AA68-EFB392DC772D}"
EndProject
Project("{FAE04EC0-301F-11D3-BF4B-00C04F79EFBC}") = "Ordering.Domain", "Services\Ordering\Ordering.Domain\Ordering.Domain.csproj", "{3F27E9B3-35AF-4DE7-BCA0-80EB516112E9}"
EndProject
Project("{FAE04EC0-301F-11D3-BF4B-00C04F79EFBC}") = "Ordering.Application", "Services\Ordering\Ordering.Application\Ordering.Application.csproj", "{C6E76721-8690-4F2D-A3A3-2100F062899E}"
EndProject
Project("{FAE04EC0-301F-11D3-BF4B-00C04F79EFBC}") = "Ordering.Infrastructure", "Services\Ordering\Ordering.Infrastructure\Ordering.Infrastructure.csproj", "{735B33DD-8259-4325-A1AE-6904C915DD6D}"
EndProject
Global
	GlobalSection(SolutionConfigurationPlatforms) = preSolution
		Debug|Any CPU = Debug|Any CPU
		Release|Any CPU = Release|Any CPU
	EndGlobalSection
	GlobalSection(ProjectConfigurationPlatforms) = postSolution
		{66ED37F4-5778-4C9B-9A21-4177EABDE256}.Debug|Any CPU.ActiveCfg = Debug|Any CPU
		{66ED37F4-5778-4C9B-9A21-4177EABDE256}.Debug|Any CPU.Build.0 = Debug|Any CPU
		{66ED37F4-5778-4C9B-9A21-4177EABDE256}.Release|Any CPU.ActiveCfg = Release|Any CPU
		{66ED37F4-5778-4C9B-9A21-4177EABDE256}.Release|Any CPU.Build.0 = Release|Any CPU
		{DA4EBFAD-B60F-4B67-B561-368EA3F1EC20}.Debug|Any CPU.ActiveCfg = Debug|Any CPU
		{DA4EBFAD-B60F-4B67-B561-368EA3F1EC20}.Debug|Any CPU.Build.0 = Debug|Any CPU
		{DA4EBFAD-B60F-4B67-B561-368EA3F1EC20}.Release|Any CPU.ActiveCfg = Release|Any CPU
		{DA4EBFAD-B60F-4B67-B561-368EA3F1EC20}.Release|Any CPU.Build.0 = Release|Any CPU
		{2C722C29-ED0D-4EB5-98D6-C2E13801C60D}.Debug|Any CPU.ActiveCfg = Debug|Any CPU
		{2C722C29-ED0D-4EB5-98D6-C2E13801C60D}.Debug|Any CPU.Build.0 = Debug|Any CPU
		{2C722C29-ED0D-4EB5-98D6-C2E13801C60D}.Release|Any CPU.ActiveCfg = Release|Any CPU
		{2C722C29-ED0D-4EB5-98D6-C2E13801C60D}.Release|Any CPU.Build.0 = Release|Any CPU
		{244E6562-7083-42D4-9629-B1B78D48B2AA}.Debug|Any CPU.ActiveCfg = Debug|Any CPU
		{244E6562-7083-42D4-9629-B1B78D48B2AA}.Debug|Any CPU.Build.0 = Debug|Any CPU
		{244E6562-7083-42D4-9629-B1B78D48B2AA}.Release|Any CPU.ActiveCfg = Release|Any CPU
		{244E6562-7083-42D4-9629-B1B78D48B2AA}.Release|Any CPU.Build.0 = Release|Any CPU
		{84D67EE1-AE44-475F-9169-CC346C43C123}.Debug|Any CPU.ActiveCfg = Debug|Any CPU
		{84D67EE1-AE44-475F-9169-CC346C43C123}.Debug|Any CPU.Build.0 = Debug|Any CPU
		{84D67EE1-AE44-475F-9169-CC346C43C123}.Release|Any CPU.ActiveCfg = Release|Any CPU
		{84D67EE1-AE44-475F-9169-CC346C43C123}.Release|Any CPU.Build.0 = Release|Any CPU
		{0B8C2D02-CB6F-4662-AA68-EFB392DC772D}.Debug|Any CPU.ActiveCfg = Debug|Any CPU
		{0B8C2D02-CB6F-4662-AA68-EFB392DC772D}.Debug|Any CPU.Build.0 = Debug|Any CPU
		{0B8C2D02-CB6F-4662-AA68-EFB392DC772D}.Release|Any CPU.ActiveCfg = Release|Any CPU
		{0B8C2D02-CB6F-4662-AA68-EFB392DC772D}.Release|Any CPU.Build.0 = Release|Any CPU
		{3F27E9B3-35AF-4DE7-BCA0-80EB516112E9}.Debug|Any CPU.ActiveCfg = Debug|Any CPU
		{3F27E9B3-35AF-4DE7-BCA0-80EB516112E9}.Debug|Any CPU.Build.0 = Debug|Any CPU
		{3F27E9B3-35AF-4DE7-BCA0-80EB516112E9}.Release|Any CPU.ActiveCfg = Release|Any CPU
		{3F27E9B3-35AF-4DE7-BCA0-80EB516112E9}.Release|Any CPU.Build.0 = Release|Any CPU
		{C6E76721-8690-4F2D-A3A3-2100F062899E}.Debug|Any CPU.ActiveCfg = Debug|Any CPU
		{C6E76721-8690-4F2D-A3A3-2100F062899E}.Debug|Any CPU.Build.0 = Debug|Any CPU
		{C6E76721-8690-4F2D-A3A3-2100F062899E}.Release|Any CPU.ActiveCfg = Release|Any CPU
		{C6E76721-8690-4F2D-A3A3-2100F062899E}.Release|Any CPU.Build.0 = Release|Any CPU
		{735B33DD-8259-4325-A1AE-6904C915DD6D}.Debug|Any CPU.ActiveCfg = Debug|Any CPU
		{735B33DD-8259-4325-A1AE-6904C915DD6D}.Debug|Any CPU.Build.0 = Debug|Any CPU
		{735B33DD-8259-4325-A1AE-6904C915DD6D}.Release|Any CPU.ActiveCfg = Release|Any CPU
		{735B33DD-8259-4325-A1AE-6904C915DD6D}.Release|Any CPU.Build.0 = Release|Any CPU
	EndGlobalSection
	GlobalSection(SolutionProperties) = preSolution
		HideSolutionNode = FALSE
	EndGlobalSection
	GlobalSection(NestedProjects) = preSolution
		{F5C94C31-5464-4461-A2CC-FC83CE5F62D5} = {ACA18674-C808-4F6D-B2F4-2A63D052C4B8}
		{66ED37F4-5778-4C9B-9A21-4177EABDE256} = {F5C94C31-5464-4461-A2CC-FC83CE5F62D5}
		{5A2208BA-5EB9-47EC-B4F4-FF769FDA29AB} = {ACA18674-C808-4F6D-B2F4-2A63D052C4B8}
		{2C722C29-ED0D-4EB5-98D6-C2E13801C60D} = {5A2208BA-5EB9-47EC-B4F4-FF769FDA29AB}
		{0C1B4E07-41BC-42C3-A42B-46531B1124B3} = {ACA18674-C808-4F6D-B2F4-2A63D052C4B8}
		{244E6562-7083-42D4-9629-B1B78D48B2AA} = {0C1B4E07-41BC-42C3-A42B-46531B1124B3}
		{84D67EE1-AE44-475F-9169-CC346C43C123} = {0C1B4E07-41BC-42C3-A42B-46531B1124B3}
		{670B2377-CE2B-434B-ABA0-900F72E692BA} = {ACA18674-C808-4F6D-B2F4-2A63D052C4B8}
		{0B8C2D02-CB6F-4662-AA68-EFB392DC772D} = {670B2377-CE2B-434B-ABA0-900F72E692BA}
		{3F27E9B3-35AF-4DE7-BCA0-80EB516112E9} = {670B2377-CE2B-434B-ABA0-900F72E692BA}
		{C6E76721-8690-4F2D-A3A3-2100F062899E} = {670B2377-CE2B-434B-ABA0-900F72E692BA}
		{735B33DD-8259-4325-A1AE-6904C915DD6D} = {670B2377-CE2B-434B-ABA0-900F72E692BA}
	EndGlobalSection
	GlobalSection(ExtensibilityGlobals) = postSolution
		SolutionGuid = {9B9E5EED-1C03-4F07-81F4-4360782995D4}
	EndGlobalSection
EndGlobal
